
Microsoft Visual Studio Solution File, Format Version 12.00
# Visual Studio Version 17
VisualStudioVersion = 17.5.33424.131
MinimumVisualStudioVersion = 10.0.40219.1
Project("{FAE04EC0-301F-11D3-BF4B-00C04F79EFBC}") = "Task03_06", "Task03_06\Task03_06.csproj", "{0E84E16C-9C5A-4963-84B6-A9CF91F5986B}"
EndProject
Global
	GlobalSection(SolutionConfigurationPlatforms) = preSolution
		Debug|Any CPU = Debug|Any CPU
		Release|Any CPU = Release|Any CPU
	EndGlobalSection
	GlobalSection(ProjectConfigurationPlatforms) = postSolution
		{0E84E16C-9C5A-4963-84B6-A9CF91F5986B}.Debug|Any CPU.ActiveCfg = Debug|Any CPU
		{0E84E16C-9C5A-4963-84B6-A9CF91F5986B}.Debug|Any CPU.Build.0 = Debug|Any CPU
		{0E84E16C-9C5A-4963-84B6-A9CF91F5986B}.Release|Any CPU.ActiveCfg = Release|Any CPU
		{0E84E16C-9C5A-4963-84B6-A9CF91F5986B}.Release|Any CPU.Build.0 = Release|Any CPU
	EndGlobalSection
	GlobalSection(SolutionProperties) = preSolution
		HideSolutionNode = FALSE
	EndGlobalSection
	GlobalSection(ExtensibilityGlobals) = postSolution
		SolutionGuid = {A8746566-86DE-4FD4-92F6-5635E4A56B79}
	EndGlobalSection
EndGlobal
